// !$*UTF8*$!
{
	archiveVersion = 1;
	classes = {
	};
	objectVersion = 48;
	objects = {

/* Begin PBXBuildFile section */
		307D58B4202D12F7007C899D /* AppDelegate.swift in Sources */ = {isa = PBXBuildFile; fileRef = 307D58B3202D12F7007C899D /* AppDelegate.swift */; };
		307D58B6202D12F7007C899D /* ViewController.swift in Sources */ = {isa = PBXBuildFile; fileRef = 307D58B5202D12F7007C899D /* ViewController.swift */; };
		307D58B9202D12F7007C899D /* Main.storyboard in Resources */ = {isa = PBXBuildFile; fileRef = 307D58B7202D12F7007C899D /* Main.storyboard */; };
		307D58BB202D12F7007C899D /* Assets.xcassets in Resources */ = {isa = PBXBuildFile; fileRef = 307D58BA202D12F7007C899D /* Assets.xcassets */; };
		307D58BE202D12F7007C899D /* LaunchScreen.storyboard in Resources */ = {isa = PBXBuildFile; fileRef = 307D58BC202D12F7007C899D /* LaunchScreen.storyboard */; };
		307D58C9202D12F7007C899D /* UNOTests.swift in Sources */ = {isa = PBXBuildFile; fileRef = 307D58C8202D12F7007C899D /* UNOTests.swift */; };
/* End PBXBuildFile section */

/* Begin PBXContainerItemProxy section */
		307D58C5202D12F7007C899D /* PBXContainerItemProxy */ = {
			isa = PBXContainerItemProxy;
			containerPortal = 307D58A8202D12F7007C899D /* Project object */;
			proxyType = 1;
			remoteGlobalIDString = 307D58AF202D12F7007C899D;
			remoteInfo = UNO;
		};
/* End PBXContainerItemProxy section */

/* Begin PBXFileReference section */
		307D58B0202D12F7007C899D /* UNO.app */ = {isa = PBXFileReference; explicitFileType = wrapper.application; includeInIndex = 0; path = UNO.app; sourceTree = BUILT_PRODUCTS_DIR; };
		307D58B3202D12F7007C899D /* AppDelegate.swift */ = {isa = PBXFileReference; lastKnownFileType = sourcecode.swift; path = AppDelegate.swift; sourceTree = "<group>"; };
		307D58B5202D12F7007C899D /* ViewController.swift */ = {isa = PBXFileReference; lastKnownFileType = sourcecode.swift; path = ViewController.swift; sourceTree = "<group>"; };
		307D58B8202D12F7007C899D /* Base */ = {isa = PBXFileReference; lastKnownFileType = file.storyboard; name = Base; path = Base.lproj/Main.storyboard; sourceTree = "<group>"; };
		307D58BA202D12F7007C899D /* Assets.xcassets */ = {isa = PBXFileReference; lastKnownFileType = folder.assetcatalog; path = Assets.xcassets; sourceTree = "<group>"; };
		307D58BD202D12F7007C899D /* Base */ = {isa = PBXFileReference; lastKnownFileType = file.storyboard; name = Base; path = Base.lproj/LaunchScreen.storyboard; sourceTree = "<group>"; };
		307D58BF202D12F7007C899D /* Info.plist */ = {isa = PBXFileReference; lastKnownFileType = text.plist.xml; path = Info.plist; sourceTree = "<group>"; };
		307D58C4202D12F7007C899D /* UNOTests.xctest */ = {isa = PBXFileReference; explicitFileType = wrapper.cfbundle; includeInIndex = 0; path = UNOTests.xctest; sourceTree = BUILT_PRODUCTS_DIR; };
		307D58C8202D12F7007C899D /* UNOTests.swift */ = {isa = PBXFileReference; lastKnownFileType = sourcecode.swift; path = UNOTests.swift; sourceTree = "<group>"; };
		307D58CA202D12F7007C899D /* Info.plist */ = {isa = PBXFileReference; lastKnownFileType = text.plist.xml; path = Info.plist; sourceTree = "<group>"; };
/* End PBXFileReference section */

/* Begin PBXFrameworksBuildPhase section */
		307D58AD202D12F7007C899D /* Frameworks */ = {
			isa = PBXFrameworksBuildPhase;
			buildActionMask = 2147483647;
			files = (
			);
			runOnlyForDeploymentPostprocessing = 0;
		};
		307D58C1202D12F7007C899D /* Frameworks */ = {
			isa = PBXFrameworksBuildPhase;
			buildActionMask = 2147483647;
			files = (
			);
			runOnlyForDeploymentPostprocessing = 0;
		};
/* End PBXFrameworksBuildPhase section */

/* Begin PBXGroup section */
		307D58A7202D12F7007C899D = {
			isa = PBXGroup;
			children = (
				307D58B2202D12F7007C899D /* UNO */,
				307D58C7202D12F7007C899D /* UNOTests */,
				307D58B1202D12F7007C899D /* Products */,
			);
			sourceTree = "<group>";
		};
		307D58B1202D12F7007C899D /* Products */ = {
			isa = PBXGroup;
			children = (
				307D58B0202D12F7007C899D /* UNO.app */,
				307D58C4202D12F7007C899D /* UNOTests.xctest */,
			);
			name = Products;
			sourceTree = "<group>";
		};
		307D58B2202D12F7007C899D /* UNO */ = {
			isa = PBXGroup;
			children = (
				307D58B3202D12F7007C899D /* AppDelegate.swift */,
				307D58B5202D12F7007C899D /* ViewController.swift */,
				307D58B7202D12F7007C899D /* Main.storyboard */,
				307D58BA202D12F7007C899D /* Assets.xcassets */,
				307D58BC202D12F7007C899D /* LaunchScreen.storyboard */,
				307D58BF202D12F7007C899D /* Info.plist */,
			);
			path = UNO;
			sourceTree = "<group>";
		};
		307D58C7202D12F7007C899D /* UNOTests */ = {
			isa = PBXGroup;
			children = (
				307D58C8202D12F7007C899D /* UNOTests.swift */,
				307D58CA202D12F7007C899D /* Info.plist */,
			);
			path = UNOTests;
			sourceTree = "<group>";
		};
/* End PBXGroup section */

/* Begin PBXNativeTarget section */
		307D58AF202D12F7007C899D /* UNO */ = {
			isa = PBXNativeTarget;
			buildConfigurationList = 307D58CD202D12F7007C899D /* Build configuration list for PBXNativeTarget "UNO" */;
			buildPhases = (
				307D58AC202D12F7007C899D /* Sources */,
				307D58AD202D12F7007C899D /* Frameworks */,
				307D58AE202D12F7007C899D /* Resources */,
			);
			buildRules = (
			);
			dependencies = (
			);
			name = UNO;
			productName = UNO;
			productReference = 307D58B0202D12F7007C899D /* UNO.app */;
			productType = "com.apple.product-type.application";
		};
		307D58C3202D12F7007C899D /* UNOTests */ = {
			isa = PBXNativeTarget;
			buildConfigurationList = 307D58D0202D12F7007C899D /* Build configuration list for PBXNativeTarget "UNOTests" */;
			buildPhases = (
				307D58C0202D12F7007C899D /* Sources */,
				307D58C1202D12F7007C899D /* Frameworks */,
				307D58C2202D12F7007C899D /* Resources */,
			);
			buildRules = (
			);
			dependencies = (
				307D58C6202D12F7007C899D /* PBXTargetDependency */,
			);
			name = UNOTests;
			productName = UNOTests;
			productReference = 307D58C4202D12F7007C899D /* UNOTests.xctest */;
			productType = "com.apple.product-type.bundle.unit-test";
		};
/* End PBXNativeTarget section */

/* Begin PBXProject section */
		307D58A8202D12F7007C899D /* Project object */ = {
			isa = PBXProject;
			attributes = {
				LastSwiftUpdateCheck = 0920;
				LastUpgradeCheck = 0920;
				ORGANIZATIONNAME = BManshilin;
				TargetAttributes = {
					307D58AF202D12F7007C899D = {
						CreatedOnToolsVersion = 9.2;
						ProvisioningStyle = Automatic;
					};
					307D58C3202D12F7007C899D = {
						CreatedOnToolsVersion = 9.2;
						ProvisioningStyle = Automatic;
						TestTargetID = 307D58AF202D12F7007C899D;
					};
				};
			};
			buildConfigurationList = 307D58AB202D12F7007C899D /* Build configuration list for PBXProject "UNO" */;
			compatibilityVersion = "Xcode 8.0";
			developmentRegion = en;
			hasScannedForEncodings = 0;
			knownRegions = (
				en,
				Base,
			);
			mainGroup = 307D58A7202D12F7007C899D;
			productRefGroup = 307D58B1202D12F7007C899D /* Products */;
			projectDirPath = "";
			projectRoot = "";
			targets = (
				307D58AF202D12F7007C899D /* UNO */,
				307D58C3202D12F7007C899D /* UNOTests */,
			);
		};
/* End PBXProject section */

/* Begin PBXResourcesBuildPhase section */
		307D58AE202D12F7007C899D /* Resources */ = {
			isa = PBXResourcesBuildPhase;
			buildActionMask = 2147483647;
			files = (
				307D58BE202D12F7007C899D /* LaunchScreen.storyboard in Resources */,
				307D58BB202D12F7007C899D /* Assets.xcassets in Resources */,
				307D58B9202D12F7007C899D /* Main.storyboard in Resources */,
			);
			runOnlyForDeploymentPostprocessing = 0;
		};
		307D58C2202D12F7007C899D /* Resources */ = {
			isa = PBXResourcesBuildPhase;
			buildActionMask = 2147483647;
			files = (
			);
			runOnlyForDeploymentPostprocessing = 0;
		};
/* End PBXResourcesBuildPhase section */

/* Begin PBXSourcesBuildPhase section */
		307D58AC202D12F7007C899D /* Sources */ = {
			isa = PBXSourcesBuildPhase;
			buildActionMask = 2147483647;
			files = (
				307D58B6202D12F7007C899D /* ViewController.swift in Sources */,
				307D58B4202D12F7007C899D /* AppDelegate.swift in Sources */,
			);
			runOnlyForDeploymentPostprocessing = 0;
		};
		307D58C0202D12F7007C899D /* Sources */ = {
			isa = PBXSourcesBuildPhase;
			buildActionMask = 2147483647;
			files = (
				307D58C9202D12F7007C899D /* UNOTests.swift in Sources */,
			);
			runOnlyForDeploymentPostprocessing = 0;
		};
/* End PBXSourcesBuildPhase section */

/* Begin PBXTargetDependency section */
		307D58C6202D12F7007C899D /* PBXTargetDependency */ = {
			isa = PBXTargetDependency;
			target = 307D58AF202D12F7007C899D /* UNO */;
			targetProxy = 307D58C5202D12F7007C899D /* PBXContainerItemProxy */;
		};
/* End PBXTargetDependency section */

/* Begin PBXVariantGroup section */
		307D58B7202D12F7007C899D /* Main.storyboard */ = {
			isa = PBXVariantGroup;
			children = (
				307D58B8202D12F7007C899D /* Base */,
			);
			name = Main.storyboard;
			sourceTree = "<group>";
		};
		307D58BC202D12F7007C899D /* LaunchScreen.storyboard */ = {
			isa = PBXVariantGroup;
			children = (
				307D58BD202D12F7007C899D /* Base */,
			);
			name = LaunchScreen.storyboard;
			sourceTree = "<group>";
		};
/* End PBXVariantGroup section */

/* Begin XCBuildConfiguration section */
		307D58CB202D12F7007C899D /* Debug */ = {
			isa = XCBuildConfiguration;
			buildSettings = {
				ALWAYS_SEARCH_USER_PATHS = NO;
				CLANG_ANALYZER_NONNULL = YES;
				CLANG_ANALYZER_NUMBER_OBJECT_CONVERSION = YES_AGGRESSIVE;
				CLANG_CXX_LANGUAGE_STANDARD = "gnu++14";
				CLANG_CXX_LIBRARY = "libc++";
				CLANG_ENABLE_MODULES = YES;
				CLANG_ENABLE_OBJC_ARC = YES;
				CLANG_WARN_BLOCK_CAPTURE_AUTORELEASING = YES;
				CLANG_WARN_BOOL_CONVERSION = YES;
				CLANG_WARN_COMMA = YES;
				CLANG_WARN_CONSTANT_CONVERSION = YES;
				CLANG_WARN_DIRECT_OBJC_ISA_USAGE = YES_ERROR;
				CLANG_WARN_DOCUMENTATION_COMMENTS = YES;
				CLANG_WARN_EMPTY_BODY = YES;
				CLANG_WARN_ENUM_CONVERSION = YES;
				CLANG_WARN_INFINITE_RECURSION = YES;
				CLANG_WARN_INT_CONVERSION = YES;
				CLANG_WARN_NON_LITERAL_NULL_CONVERSION = YES;
				CLANG_WARN_OBJC_LITERAL_CONVERSION = YES;
				CLANG_WARN_OBJC_ROOT_CLASS = YES_ERROR;
				CLANG_WARN_RANGE_LOOP_ANALYSIS = YES;
				CLANG_WARN_STRICT_PROTOTYPES = YES;
				CLANG_WARN_SUSPICIOUS_MOVE = YES;
				CLANG_WARN_UNGUARDED_AVAILABILITY = YES_AGGRESSIVE;
				CLANG_WARN_UNREACHABLE_CODE = YES;
				CLANG_WARN__DUPLICATE_METHOD_MATCH = YES;
				CODE_SIGN_IDENTITY = "iPhone Developer";
				COPY_PHASE_STRIP = NO;
				DEBUG_INFORMATION_FORMAT = dwarf;
				ENABLE_STRICT_OBJC_MSGSEND = YES;
				ENABLE_TESTABILITY = YES;
				GCC_C_LANGUAGE_STANDARD = gnu11;
				GCC_DYNAMIC_NO_PIC = NO;
				GCC_NO_COMMON_BLOCKS = YES;
				GCC_OPTIMIZATION_LEVEL = 0;
				GCC_PREPROCESSOR_DEFINITIONS = (
					"DEBUG=1",
					"$(inherited)",
				);
				GCC_WARN_64_TO_32_BIT_CONVERSION = YES;
				GCC_WARN_ABOUT_RETURN_TYPE = YES_ERROR;
				GCC_WARN_UNDECLARED_SELECTOR = YES;
				GCC_WARN_UNINITIALIZED_AUTOS = YES_AGGRESSIVE;
				GCC_WARN_UNUSED_FUNCTION = YES;
				GCC_WARN_UNUSED_VARIABLE = YES;
				IPHONEOS_DEPLOYMENT_TARGET = 11.2;
				MTL_ENABLE_DEBUG_INFO = YES;
				ONLY_ACTIVE_ARCH = YES;
				SDKROOT = iphoneos;
				SWIFT_ACTIVE_COMPILATION_CONDITIONS = DEBUG;
				SWIFT_OPTIMIZATION_LEVEL = "-Onone";
			};
			name = Debug;
		};
		307D58CC202D12F7007C899D /* Release */ = {
			isa = XCBuildConfiguration;
			buildSettings = {
				ALWAYS_SEARCH_USER_PATHS = NO;
				CLANG_ANALYZER_NONNULL = YES;
				CLANG_ANALYZER_NUMBER_OBJECT_CONVERSION = YES_AGGRESSIVE;
				CLANG_CXX_LANGUAGE_STANDARD = "gnu++14";
				CLANG_CXX_LIBRARY = "libc++";
				CLANG_ENABLE_MODULES = YES;
				CLANG_ENABLE_OBJC_ARC = YES;
				CLANG_WARN_BLOCK_CAPTURE_AUTORELEASING = YES;
				CLANG_WARN_BOOL_CONVERSION = YES;
				CLANG_WARN_COMMA = YES;
				CLANG_WARN_CONSTANT_CONVERSION = YES;
				CLANG_WARN_DIRECT_OBJC_ISA_USAGE = YES_ERROR;
				CLANG_WARN_DOCUMENTATION_COMMENTS = YES;
				CLANG_WARN_EMPTY_BODY = YES;
				CLANG_WARN_ENUM_CONVERSION = YES;
				CLANG_WARN_INFINITE_RECURSION = YES;
				CLANG_WARN_INT_CONVERSION = YES;
				CLANG_WARN_NON_LITERAL_NULL_CONVERSION = YES;
				CLANG_WARN_OBJC_LITERAL_CONVERSION = YES;
				CLANG_WARN_OBJC_ROOT_CLASS = YES_ERROR;
				CLANG_WARN_RANGE_LOOP_ANALYSIS = YES;
				CLANG_WARN_STRICT_PROTOTYPES = YES;
				CLANG_WARN_SUSPICIOUS_MOVE = YES;
				CLANG_WARN_UNGUARDED_AVAILABILITY = YES_AGGRESSIVE;
				CLANG_WARN_UNREACHABLE_CODE = YES;
				CLANG_WARN__DUPLICATE_METHOD_MATCH = YES;
				CODE_SIGN_IDENTITY = "iPhone Developer";
				COPY_PHASE_STRIP = NO;
				DEBUG_INFORMATION_FORMAT = "dwarf-with-dsym";
				ENABLE_NS_ASSERTIONS = NO;
				ENABLE_STRICT_OBJC_MSGSEND = YES;
				GCC_C_LANGUAGE_STANDARD = gnu11;
				GCC_NO_COMMON_BLOCKS = YES;
				GCC_WARN_64_TO_32_BIT_CONVERSION = YES;
				GCC_WARN_ABOUT_RETURN_TYPE = YES_ERROR;
				GCC_WARN_UNDECLARED_SELECTOR = YES;
				GCC_WARN_UNINITIALIZED_AUTOS = YES_AGGRESSIVE;
				GCC_WARN_UNUSED_FUNCTION = YES;
				GCC_WARN_UNUSED_VARIABLE = YES;
				IPHONEOS_DEPLOYMENT_TARGET = 11.2;
				MTL_ENABLE_DEBUG_INFO = NO;
				SDKROOT = iphoneos;
				SWIFT_OPTIMIZATION_LEVEL = "-Owholemodule";
				VALIDATE_PRODUCT = YES;
			};
			name = Release;
		};
		307D58CE202D12F7007C899D /* Debug */ = {
			isa = XCBuildConfiguration;
			buildSettings = {
				ASSETCATALOG_COMPILER_APPICON_NAME = AppIcon;
				CODE_SIGN_STYLE = Automatic;
				DEVELOPMENT_TEAM = DDN2V9TNSF;
				INFOPLIST_FILE = UNO/Info.plist;
				LD_RUNPATH_SEARCH_PATHS = "$(inherited) @executable_path/Frameworks";
				PRODUCT_BUNDLE_IDENTIFIER = com.manshilin.UNO;
				PRODUCT_NAME = "$(TARGET_NAME)";
				SWIFT_VERSION = 4.0;
				TARGETED_DEVICE_FAMILY = "1,2";
			};
			name = Debug;
		};
		307D58CF202D12F7007C899D /* Release */ = {
			isa = XCBuildConfiguration;
			buildSettings = {
				ASSETCATALOG_COMPILER_APPICON_NAME = AppIcon;
				CODE_SIGN_STYLE = Automatic;
				DEVELOPMENT_TEAM = DDN2V9TNSF;
				INFOPLIST_FILE = UNO/Info.plist;
				LD_RUNPATH_SEARCH_PATHS = "$(inherited) @executable_path/Frameworks";
				PRODUCT_BUNDLE_IDENTIFIER = com.manshilin.UNO;
				PRODUCT_NAME = "$(TARGET_NAME)";
				SWIFT_VERSION = 4.0;
				TARGETED_DEVICE_FAMILY = "1,2";
			};
			name = Release;
		};
		307D58D1202D12F7007C899D /* Debug */ = {
			isa = XCBuildConfiguration;
			buildSettings = {
				ALWAYS_EMBED_SWIFT_STANDARD_LIBRARIES = YES;
				BUNDLE_LOADER = "$(TEST_HOST)";
				CODE_SIGN_STYLE = Automatic;
				DEVELOPMENT_TEAM = DDN2V9TNSF;
				INFOPLIST_FILE = UNOTests/Info.plist;
				LD_RUNPATH_SEARCH_PATHS = "$(inherited) @executable_path/Frameworks @loader_path/Frameworks";
				PRODUCT_BUNDLE_IDENTIFIER = com.manshilin.UNOTests;
				PRODUCT_NAME = "$(TARGET_NAME)";
				SWIFT_VERSION = 4.0;
				TARGETED_DEVICE_FAMILY = "1,2";
				TEST_HOST = "$(BUILT_PRODUCTS_DIR)/UNO.app/UNO";
			};
			name = Debug;
		};
		307D58D2202D12F7007C899D /* Release */ = {
			isa = XCBuildConfiguration;
			buildSettings = {
				ALWAYS_EMBED_SWIFT_STANDARD_LIBRARIES = YES;
				BUNDLE_LOADER = "$(TEST_HOST)";
				CODE_SIGN_STYLE = Automatic;
				DEVELOPMENT_TEAM = DDN2V9TNSF;
				INFOPLIST_FILE = UNOTests/Info.plist;
				LD_RUNPATH_SEARCH_PATHS = "$(inherited) @executable_path/Frameworks @loader_path/Frameworks";
				PRODUCT_BUNDLE_IDENTIFIER = com.manshilin.UNOTests;
				PRODUCT_NAME = "$(TARGET_NAME)";
				SWIFT_VERSION = 4.0;
				TARGETED_DEVICE_FAMILY = "1,2";
				TEST_HOST = "$(BUILT_PRODUCTS_DIR)/UNO.app/UNO";
			};
			name = Release;
		};
/* End XCBuildConfiguration section */

/* Begin XCConfigurationList section */
		307D58AB202D12F7007C899D /* Build configuration list for PBXProject "UNO" */ = {
			isa = XCConfigurationList;
			buildConfigurations = (
				307D58CB202D12F7007C899D /* Debug */,
				307D58CC202D12F7007C899D /* Release */,
			);
			defaultConfigurationIsVisible = 0;
			defaultConfigurationName = Release;
		};
		307D58CD202D12F7007C899D /* Build configuration list for PBXNativeTarget "UNO" */ = {
			isa = XCConfigurationList;
			buildConfigurations = (
				307D58CE202D12F7007C899D /* Debug */,
				307D58CF202D12F7007C899D /* Release */,
			);
			defaultConfigurationIsVisible = 0;
			defaultConfigurationName = Release;
		};
		307D58D0202D12F7007C899D /* Build configuration list for PBXNativeTarget "UNOTests" */ = {
			isa = XCConfigurationList;
			buildConfigurations = (
				307D58D1202D12F7007C899D /* Debug */,
				307D58D2202D12F7007C899D /* Release */,
			);
			defaultConfigurationIsVisible = 0;
			defaultConfigurationName = Release;
		};
/* End XCConfigurationList section */
	};
	rootObject = 307D58A8202D12F7007C899D /* Project object */;
}
